// !$*UTF8*$!
{
	archiveVersion = 1;
	classes = {
	};
	objectVersion = 50;
	objects = {

/* Begin PBXBuildFile section */
		6F60D1288EEAD1C608254EB0 /* Pods_MS_CarsUITests.framework in Frameworks */ = {isa = PBXBuildFile; fileRef = E17BCD1A2FF7A1A9CDB9E0F2 /* Pods_MS_CarsUITests.framework */; };
		824FD2E47AAC911F0341B02A /* Pods_MS_Cars.framework in Frameworks */ = {isa = PBXBuildFile; fileRef = D9068D9F2EE61B76CBD354BC /* Pods_MS_Cars.framework */; };
		847FF962223C55ED0040575B /* AppDelegate.swift in Sources */ = {isa = PBXBuildFile; fileRef = 847FF961223C55ED0040575B /* AppDelegate.swift */; };
		847FF964223C55ED0040575B /* ViewController.swift in Sources */ = {isa = PBXBuildFile; fileRef = 847FF963223C55ED0040575B /* ViewController.swift */; };
		847FF967223C55ED0040575B /* Main.storyboard in Resources */ = {isa = PBXBuildFile; fileRef = 847FF965223C55ED0040575B /* Main.storyboard */; };
		847FF969223C55F00040575B /* Assets.xcassets in Resources */ = {isa = PBXBuildFile; fileRef = 847FF968223C55F00040575B /* Assets.xcassets */; };
		847FF96C223C55F00040575B /* LaunchScreen.storyboard in Resources */ = {isa = PBXBuildFile; fileRef = 847FF96A223C55F00040575B /* LaunchScreen.storyboard */; };
		847FF977223C55F00040575B /* MS_CarsTests.swift in Sources */ = {isa = PBXBuildFile; fileRef = 847FF976223C55F00040575B /* MS_CarsTests.swift */; };
		847FF982223C55F00040575B /* MS_CarsUITests.swift in Sources */ = {isa = PBXBuildFile; fileRef = 847FF981223C55F00040575B /* MS_CarsUITests.swift */; };
		D15A457408FB3B39B2D41CDD /* Pods_MS_CarsTests.framework in Frameworks */ = {isa = PBXBuildFile; fileRef = 93353C7CD863FDFA76D25D48 /* Pods_MS_CarsTests.framework */; };
/* End PBXBuildFile section */

/* Begin PBXContainerItemProxy section */
		847FF973223C55F00040575B /* PBXContainerItemProxy */ = {
			isa = PBXContainerItemProxy;
			containerPortal = 847FF956223C55ED0040575B /* Project object */;
			proxyType = 1;
			remoteGlobalIDString = 847FF95D223C55ED0040575B;
			remoteInfo = "MS Cars";
		};
		847FF97E223C55F00040575B /* PBXContainerItemProxy */ = {
			isa = PBXContainerItemProxy;
			containerPortal = 847FF956223C55ED0040575B /* Project object */;
			proxyType = 1;
			remoteGlobalIDString = 847FF95D223C55ED0040575B;
			remoteInfo = "MS Cars";
		};
/* End PBXContainerItemProxy section */

/* Begin PBXFileReference section */
		13106921ED4704C98351F14A /* Pods-MS Cars.debug.xcconfig */ = {isa = PBXFileReference; includeInIndex = 1; lastKnownFileType = text.xcconfig; name = "Pods-MS Cars.debug.xcconfig"; path = "Pods/Target Support Files/Pods-MS Cars/Pods-MS Cars.debug.xcconfig"; sourceTree = "<group>"; };
		847FF95E223C55ED0040575B /* MS Cars.app */ = {isa = PBXFileReference; explicitFileType = wrapper.application; includeInIndex = 0; path = "MS Cars.app"; sourceTree = BUILT_PRODUCTS_DIR; };
		847FF961223C55ED0040575B /* AppDelegate.swift */ = {isa = PBXFileReference; lastKnownFileType = sourcecode.swift; path = AppDelegate.swift; sourceTree = "<group>"; };
		847FF963223C55ED0040575B /* ViewController.swift */ = {isa = PBXFileReference; lastKnownFileType = sourcecode.swift; path = ViewController.swift; sourceTree = "<group>"; };
		847FF966223C55ED0040575B /* Base */ = {isa = PBXFileReference; lastKnownFileType = file.storyboard; name = Base; path = Base.lproj/Main.storyboard; sourceTree = "<group>"; };
		847FF968223C55F00040575B /* Assets.xcassets */ = {isa = PBXFileReference; lastKnownFileType = folder.assetcatalog; path = Assets.xcassets; sourceTree = "<group>"; };
		847FF96B223C55F00040575B /* Base */ = {isa = PBXFileReference; lastKnownFileType = file.storyboard; name = Base; path = Base.lproj/LaunchScreen.storyboard; sourceTree = "<group>"; };
		847FF96D223C55F00040575B /* Info.plist */ = {isa = PBXFileReference; lastKnownFileType = text.plist.xml; path = Info.plist; sourceTree = "<group>"; };
		847FF972223C55F00040575B /* MS CarsTests.xctest */ = {isa = PBXFileReference; explicitFileType = wrapper.cfbundle; includeInIndex = 0; path = "MS CarsTests.xctest"; sourceTree = BUILT_PRODUCTS_DIR; };
		847FF976223C55F00040575B /* MS_CarsTests.swift */ = {isa = PBXFileReference; lastKnownFileType = sourcecode.swift; path = MS_CarsTests.swift; sourceTree = "<group>"; };
		847FF978223C55F00040575B /* Info.plist */ = {isa = PBXFileReference; lastKnownFileType = text.plist.xml; path = Info.plist; sourceTree = "<group>"; };
		847FF97D223C55F00040575B /* MS CarsUITests.xctest */ = {isa = PBXFileReference; explicitFileType = wrapper.cfbundle; includeInIndex = 0; path = "MS CarsUITests.xctest"; sourceTree = BUILT_PRODUCTS_DIR; };
		847FF981223C55F00040575B /* MS_CarsUITests.swift */ = {isa = PBXFileReference; lastKnownFileType = sourcecode.swift; path = MS_CarsUITests.swift; sourceTree = "<group>"; };
		847FF983223C55F00040575B /* Info.plist */ = {isa = PBXFileReference; lastKnownFileType = text.plist.xml; path = Info.plist; sourceTree = "<group>"; };
		8823DF32CD60CEF5996BE6C7 /* Pods-MS Cars.release.xcconfig */ = {isa = PBXFileReference; includeInIndex = 1; lastKnownFileType = text.xcconfig; name = "Pods-MS Cars.release.xcconfig"; path = "Pods/Target Support Files/Pods-MS Cars/Pods-MS Cars.release.xcconfig"; sourceTree = "<group>"; };
		93353C7CD863FDFA76D25D48 /* Pods_MS_CarsTests.framework */ = {isa = PBXFileReference; explicitFileType = wrapper.framework; includeInIndex = 0; path = Pods_MS_CarsTests.framework; sourceTree = BUILT_PRODUCTS_DIR; };
		94A4C5D5C3C4A9C2AF2AFC4B /* Pods-MS CarsTests.release.xcconfig */ = {isa = PBXFileReference; includeInIndex = 1; lastKnownFileType = text.xcconfig; name = "Pods-MS CarsTests.release.xcconfig"; path = "Pods/Target Support Files/Pods-MS CarsTests/Pods-MS CarsTests.release.xcconfig"; sourceTree = "<group>"; };
		AB3C09A0AF627FAA8E055F06 /* Pods-MS CarsTests.debug.xcconfig */ = {isa = PBXFileReference; includeInIndex = 1; lastKnownFileType = text.xcconfig; name = "Pods-MS CarsTests.debug.xcconfig"; path = "Pods/Target Support Files/Pods-MS CarsTests/Pods-MS CarsTests.debug.xcconfig"; sourceTree = "<group>"; };
		D1B51502BE8BD2C677A09605 /* Pods-MS CarsUITests.debug.xcconfig */ = {isa = PBXFileReference; includeInIndex = 1; lastKnownFileType = text.xcconfig; name = "Pods-MS CarsUITests.debug.xcconfig"; path = "Pods/Target Support Files/Pods-MS CarsUITests/Pods-MS CarsUITests.debug.xcconfig"; sourceTree = "<group>"; };
		D9068D9F2EE61B76CBD354BC /* Pods_MS_Cars.framework */ = {isa = PBXFileReference; explicitFileType = wrapper.framework; includeInIndex = 0; path = Pods_MS_Cars.framework; sourceTree = BUILT_PRODUCTS_DIR; };
		E17BCD1A2FF7A1A9CDB9E0F2 /* Pods_MS_CarsUITests.framework */ = {isa = PBXFileReference; explicitFileType = wrapper.framework; includeInIndex = 0; path = Pods_MS_CarsUITests.framework; sourceTree = BUILT_PRODUCTS_DIR; };
		E240A7F43A8BFE55CA886DC7 /* Pods-MS CarsUITests.release.xcconfig */ = {isa = PBXFileReference; includeInIndex = 1; lastKnownFileType = text.xcconfig; name = "Pods-MS CarsUITests.release.xcconfig"; path = "Pods/Target Support Files/Pods-MS CarsUITests/Pods-MS CarsUITests.release.xcconfig"; sourceTree = "<group>"; };
/* End PBXFileReference section */

/* Begin PBXFrameworksBuildPhase section */
		847FF95B223C55ED0040575B /* Frameworks */ = {
			isa = PBXFrameworksBuildPhase;
			buildActionMask = 2147483647;
			files = (
				824FD2E47AAC911F0341B02A /* Pods_MS_Cars.framework in Frameworks */,
			);
			runOnlyForDeploymentPostprocessing = 0;
		};
		847FF96F223C55F00040575B /* Frameworks */ = {
			isa = PBXFrameworksBuildPhase;
			buildActionMask = 2147483647;
			files = (
				D15A457408FB3B39B2D41CDD /* Pods_MS_CarsTests.framework in Frameworks */,
			);
			runOnlyForDeploymentPostprocessing = 0;
		};
		847FF97A223C55F00040575B /* Frameworks */ = {
			isa = PBXFrameworksBuildPhase;
			buildActionMask = 2147483647;
			files = (
				6F60D1288EEAD1C608254EB0 /* Pods_MS_CarsUITests.framework in Frameworks */,
			);
			runOnlyForDeploymentPostprocessing = 0;
		};
/* End PBXFrameworksBuildPhase section */

/* Begin PBXGroup section */
		3501142E0091C7BF2563BD6E /* Pods */ = {
			isa = PBXGroup;
			children = (
				13106921ED4704C98351F14A /* Pods-MS Cars.debug.xcconfig */,
				8823DF32CD60CEF5996BE6C7 /* Pods-MS Cars.release.xcconfig */,
				AB3C09A0AF627FAA8E055F06 /* Pods-MS CarsTests.debug.xcconfig */,
				94A4C5D5C3C4A9C2AF2AFC4B /* Pods-MS CarsTests.release.xcconfig */,
				D1B51502BE8BD2C677A09605 /* Pods-MS CarsUITests.debug.xcconfig */,
				E240A7F43A8BFE55CA886DC7 /* Pods-MS CarsUITests.release.xcconfig */,
			);
			name = Pods;
			sourceTree = "<group>";
		};
		44A4476EE3C2304E78509A04 /* Frameworks */ = {
			isa = PBXGroup;
			children = (
				D9068D9F2EE61B76CBD354BC /* Pods_MS_Cars.framework */,
				93353C7CD863FDFA76D25D48 /* Pods_MS_CarsTests.framework */,
				E17BCD1A2FF7A1A9CDB9E0F2 /* Pods_MS_CarsUITests.framework */,
			);
			name = Frameworks;
			sourceTree = "<group>";
		};
		847FF955223C55ED0040575B = {
			isa = PBXGroup;
			children = (
				847FF960223C55ED0040575B /* MS Cars */,
				847FF975223C55F00040575B /* MS CarsTests */,
				847FF980223C55F00040575B /* MS CarsUITests */,
				847FF95F223C55ED0040575B /* Products */,
				3501142E0091C7BF2563BD6E /* Pods */,
				44A4476EE3C2304E78509A04 /* Frameworks */,
			);
			sourceTree = "<group>";
		};
		847FF95F223C55ED0040575B /* Products */ = {
			isa = PBXGroup;
			children = (
				847FF95E223C55ED0040575B /* MS Cars.app */,
				847FF972223C55F00040575B /* MS CarsTests.xctest */,
				847FF97D223C55F00040575B /* MS CarsUITests.xctest */,
			);
			name = Products;
			sourceTree = "<group>";
		};
		847FF960223C55ED0040575B /* MS Cars */ = {
			isa = PBXGroup;
			children = (
				847FF961223C55ED0040575B /* AppDelegate.swift */,
				847FF963223C55ED0040575B /* ViewController.swift */,
				847FF965223C55ED0040575B /* Main.storyboard */,
				847FF968223C55F00040575B /* Assets.xcassets */,
				847FF96A223C55F00040575B /* LaunchScreen.storyboard */,
				847FF96D223C55F00040575B /* Info.plist */,
			);
			path = "MS Cars";
			sourceTree = "<group>";
		};
		847FF975223C55F00040575B /* MS CarsTests */ = {
			isa = PBXGroup;
			children = (
				847FF976223C55F00040575B /* MS_CarsTests.swift */,
				847FF978223C55F00040575B /* Info.plist */,
			);
			path = "MS CarsTests";
			sourceTree = "<group>";
		};
		847FF980223C55F00040575B /* MS CarsUITests */ = {
			isa = PBXGroup;
			children = (
				847FF981223C55F00040575B /* MS_CarsUITests.swift */,
				847FF983223C55F00040575B /* Info.plist */,
			);
			path = "MS CarsUITests";
			sourceTree = "<group>";
		};
/* End PBXGroup section */

/* Begin PBXNativeTarget section */
		847FF95D223C55ED0040575B /* MS Cars */ = {
			isa = PBXNativeTarget;
			buildConfigurationList = 847FF986223C55F10040575B /* Build configuration list for PBXNativeTarget "MS Cars" */;
			buildPhases = (
				BAEBEF0D1EAD03094B2FD06D /* [CP] Check Pods Manifest.lock */,
				847FF95A223C55ED0040575B /* Sources */,
				847FF95B223C55ED0040575B /* Frameworks */,
				847FF95C223C55ED0040575B /* Resources */,
				EB52CA3978ED6360C84227D2 /* [CP] Embed Pods Frameworks */,
			);
			buildRules = (
			);
			dependencies = (
			);
			name = "MS Cars";
			productName = "MS Cars";
			productReference = 847FF95E223C55ED0040575B /* MS Cars.app */;
			productType = "com.apple.product-type.application";
		};
		847FF971223C55F00040575B /* MS CarsTests */ = {
			isa = PBXNativeTarget;
			buildConfigurationList = 847FF989223C55F10040575B /* Build configuration list for PBXNativeTarget "MS CarsTests" */;
			buildPhases = (
				5E99833EB63D29312469456A /* [CP] Check Pods Manifest.lock */,
				847FF96E223C55F00040575B /* Sources */,
				847FF96F223C55F00040575B /* Frameworks */,
				847FF970223C55F00040575B /* Resources */,
			);
			buildRules = (
			);
			dependencies = (
				847FF974223C55F00040575B /* PBXTargetDependency */,
			);
			name = "MS CarsTests";
			productName = "MS CarsTests";
			productReference = 847FF972223C55F00040575B /* MS CarsTests.xctest */;
			productType = "com.apple.product-type.bundle.unit-test";
		};
		847FF97C223C55F00040575B /* MS CarsUITests */ = {
			isa = PBXNativeTarget;
			buildConfigurationList = 847FF98C223C55F10040575B /* Build configuration list for PBXNativeTarget "MS CarsUITests" */;
			buildPhases = (
				395FD88662C094F7D1C64FBF /* [CP] Check Pods Manifest.lock */,
				847FF979223C55F00040575B /* Sources */,
				847FF97A223C55F00040575B /* Frameworks */,
				847FF97B223C55F00040575B /* Resources */,
			);
			buildRules = (
			);
			dependencies = (
				847FF97F223C55F00040575B /* PBXTargetDependency */,
			);
			name = "MS CarsUITests";
			productName = "MS CarsUITests";
			productReference = 847FF97D223C55F00040575B /* MS CarsUITests.xctest */;
			productType = "com.apple.product-type.bundle.ui-testing";
		};
/* End PBXNativeTarget section */

/* Begin PBXProject section */
		847FF956223C55ED0040575B /* Project object */ = {
			isa = PBXProject;
			attributes = {
				LastSwiftUpdateCheck = 1010;
				LastUpgradeCheck = 1010;
				ORGANIZATIONNAME = "Mohammad Shaker";
				TargetAttributes = {
					847FF95D223C55ED0040575B = {
						CreatedOnToolsVersion = 10.1;
					};
					847FF971223C55F00040575B = {
						CreatedOnToolsVersion = 10.1;
						TestTargetID = 847FF95D223C55ED0040575B;
					};
					847FF97C223C55F00040575B = {
						CreatedOnToolsVersion = 10.1;
						TestTargetID = 847FF95D223C55ED0040575B;
					};
				};
			};
			buildConfigurationList = 847FF959223C55ED0040575B /* Build configuration list for PBXProject "MS Cars" */;
			compatibilityVersion = "Xcode 9.3";
			developmentRegion = en;
			hasScannedForEncodings = 0;
			knownRegions = (
				en,
				Base,
			);
			mainGroup = 847FF955223C55ED0040575B;
			productRefGroup = 847FF95F223C55ED0040575B /* Products */;
			projectDirPath = "";
			projectRoot = "";
			targets = (
				847FF95D223C55ED0040575B /* MS Cars */,
				847FF971223C55F00040575B /* MS CarsTests */,
				847FF97C223C55F00040575B /* MS CarsUITests */,
			);
		};
/* End PBXProject section */

/* Begin PBXResourcesBuildPhase section */
		847FF95C223C55ED0040575B /* Resources */ = {
			isa = PBXResourcesBuildPhase;
			buildActionMask = 2147483647;
			files = (
				847FF96C223C55F00040575B /* LaunchScreen.storyboard in Resources */,
				847FF969223C55F00040575B /* Assets.xcassets in Resources */,
				847FF967223C55ED0040575B /* Main.storyboard in Resources */,
			);
			runOnlyForDeploymentPostprocessing = 0;
		};
		847FF970223C55F00040575B /* Resources */ = {
			isa = PBXResourcesBuildPhase;
			buildActionMask = 2147483647;
			files = (
			);
			runOnlyForDeploymentPostprocessing = 0;
		};
		847FF97B223C55F00040575B /* Resources */ = {
			isa = PBXResourcesBuildPhase;
			buildActionMask = 2147483647;
			files = (
			);
			runOnlyForDeploymentPostprocessing = 0;
		};
/* End PBXResourcesBuildPhase section */

/* Begin PBXShellScriptBuildPhase section */
		395FD88662C094F7D1C64FBF /* [CP] Check Pods Manifest.lock */ = {
			isa = PBXShellScriptBuildPhase;
			buildActionMask = 2147483647;
			files = (
			);
			inputFileListPaths = (
			);
			inputPaths = (
				"${PODS_PODFILE_DIR_PATH}/Podfile.lock",
				"${PODS_ROOT}/Manifest.lock",
			);
			name = "[CP] Check Pods Manifest.lock";
			outputFileListPaths = (
			);
			outputPaths = (
				"$(DERIVED_FILE_DIR)/Pods-MS CarsUITests-checkManifestLockResult.txt",
			);
			runOnlyForDeploymentPostprocessing = 0;
			shellPath = /bin/sh;
			shellScript = "diff \"${PODS_PODFILE_DIR_PATH}/Podfile.lock\" \"${PODS_ROOT}/Manifest.lock\" > /dev/null\nif [ $? != 0 ] ; then\n    # print error to STDERR\n    echo \"error: The sandbox is not in sync with the Podfile.lock. Run 'pod install' or update your CocoaPods installation.\" >&2\n    exit 1\nfi\n# This output is used by Xcode 'outputs' to avoid re-running this script phase.\necho \"SUCCESS\" > \"${SCRIPT_OUTPUT_FILE_0}\"\n";
			showEnvVarsInLog = 0;
		};
		5E99833EB63D29312469456A /* [CP] Check Pods Manifest.lock */ = {
			isa = PBXShellScriptBuildPhase;
			buildActionMask = 2147483647;
			files = (
			);
			inputFileListPaths = (
			);
			inputPaths = (
				"${PODS_PODFILE_DIR_PATH}/Podfile.lock",
				"${PODS_ROOT}/Manifest.lock",
			);
			name = "[CP] Check Pods Manifest.lock";
			outputFileListPaths = (
			);
			outputPaths = (
				"$(DERIVED_FILE_DIR)/Pods-MS CarsTests-checkManifestLockResult.txt",
			);
			runOnlyForDeploymentPostprocessing = 0;
			shellPath = /bin/sh;
			shellScript = "diff \"${PODS_PODFILE_DIR_PATH}/Podfile.lock\" \"${PODS_ROOT}/Manifest.lock\" > /dev/null\nif [ $? != 0 ] ; then\n    # print error to STDERR\n    echo \"error: The sandbox is not in sync with the Podfile.lock. Run 'pod install' or update your CocoaPods installation.\" >&2\n    exit 1\nfi\n# This output is used by Xcode 'outputs' to avoid re-running this script phase.\necho \"SUCCESS\" > \"${SCRIPT_OUTPUT_FILE_0}\"\n";
			showEnvVarsInLog = 0;
		};
		BAEBEF0D1EAD03094B2FD06D /* [CP] Check Pods Manifest.lock */ = {
			isa = PBXShellScriptBuildPhase;
			buildActionMask = 2147483647;
			files = (
			);
			inputFileListPaths = (
			);
			inputPaths = (
				"${PODS_PODFILE_DIR_PATH}/Podfile.lock",
				"${PODS_ROOT}/Manifest.lock",
			);
			name = "[CP] Check Pods Manifest.lock";
			outputFileListPaths = (
			);
			outputPaths = (
				"$(DERIVED_FILE_DIR)/Pods-MS Cars-checkManifestLockResult.txt",
			);
			runOnlyForDeploymentPostprocessing = 0;
			shellPath = /bin/sh;
			shellScript = "diff \"${PODS_PODFILE_DIR_PATH}/Podfile.lock\" \"${PODS_ROOT}/Manifest.lock\" > /dev/null\nif [ $? != 0 ] ; then\n    # print error to STDERR\n    echo \"error: The sandbox is not in sync with the Podfile.lock. Run 'pod install' or update your CocoaPods installation.\" >&2\n    exit 1\nfi\n# This output is used by Xcode 'outputs' to avoid re-running this script phase.\necho \"SUCCESS\" > \"${SCRIPT_OUTPUT_FILE_0}\"\n";
			showEnvVarsInLog = 0;
		};
		EB52CA3978ED6360C84227D2 /* [CP] Embed Pods Frameworks */ = {
			isa = PBXShellScriptBuildPhase;
			buildActionMask = 2147483647;
			files = (
			);
			inputFileListPaths = (
			);
			inputPaths = (
				"${PODS_ROOT}/Target Support Files/Pods-MS Cars/Pods-MS Cars-frameworks.sh",
				"${BUILT_PRODUCTS_DIR}/Alamofire/Alamofire.framework",
				"${BUILT_PRODUCTS_DIR}/DZNEmptyDataSet/DZNEmptyDataSet.framework",
				"${BUILT_PRODUCTS_DIR}/NVActivityIndicatorView/NVActivityIndicatorView.framework",
				"${BUILT_PRODUCTS_DIR}/SCLAlertView/SCLAlertView.framework",
				"${BUILT_PRODUCTS_DIR}/UIScrollView-InfiniteScroll/UIScrollView_InfiniteScroll.framework",
			);
			name = "[CP] Embed Pods Frameworks";
			outputFileListPaths = (
			);
			outputPaths = (
				"${TARGET_BUILD_DIR}/${FRAMEWORKS_FOLDER_PATH}/Alamofire.framework",
				"${TARGET_BUILD_DIR}/${FRAMEWORKS_FOLDER_PATH}/DZNEmptyDataSet.framework",
				"${TARGET_BUILD_DIR}/${FRAMEWORKS_FOLDER_PATH}/NVActivityIndicatorView.framework",
				"${TARGET_BUILD_DIR}/${FRAMEWORKS_FOLDER_PATH}/SCLAlertView.framework",
				"${TARGET_BUILD_DIR}/${FRAMEWORKS_FOLDER_PATH}/UIScrollView_InfiniteScroll.framework",
			);
			runOnlyForDeploymentPostprocessing = 0;
			shellPath = /bin/sh;
			shellScript = "\"${PODS_ROOT}/Target Support Files/Pods-MS Cars/Pods-MS Cars-frameworks.sh\"\n";
			showEnvVarsInLog = 0;
		};
/* End PBXShellScriptBuildPhase section */

/* Begin PBXSourcesBuildPhase section */
		847FF95A223C55ED0040575B /* Sources */ = {
			isa = PBXSourcesBuildPhase;
			buildActionMask = 2147483647;
			files = (
				847FF964223C55ED0040575B /* ViewController.swift in Sources */,
				847FF962223C55ED0040575B /* AppDelegate.swift in Sources */,
			);
			runOnlyForDeploymentPostprocessing = 0;
		};
		847FF96E223C55F00040575B /* Sources */ = {
			isa = PBXSourcesBuildPhase;
			buildActionMask = 2147483647;
			files = (
				847FF977223C55F00040575B /* MS_CarsTests.swift in Sources */,
			);
			runOnlyForDeploymentPostprocessing = 0;
		};
		847FF979223C55F00040575B /* Sources */ = {
			isa = PBXSourcesBuildPhase;
			buildActionMask = 2147483647;
			files = (
				847FF982223C55F00040575B /* MS_CarsUITests.swift in Sources */,
			);
			runOnlyForDeploymentPostprocessing = 0;
		};
/* End PBXSourcesBuildPhase section */

/* Begin PBXTargetDependency section */
		847FF974223C55F00040575B /* PBXTargetDependency */ = {
			isa = PBXTargetDependency;
			target = 847FF95D223C55ED0040575B /* MS Cars */;
			targetProxy = 847FF973223C55F00040575B /* PBXContainerItemProxy */;
		};
		847FF97F223C55F00040575B /* PBXTargetDependency */ = {
			isa = PBXTargetDependency;
			target = 847FF95D223C55ED0040575B /* MS Cars */;
			targetProxy = 847FF97E223C55F00040575B /* PBXContainerItemProxy */;
		};
/* End PBXTargetDependency section */

/* Begin PBXVariantGroup section */
		847FF965223C55ED0040575B /* Main.storyboard */ = {
			isa = PBXVariantGroup;
			children = (
				847FF966223C55ED0040575B /* Base */,
			);
			name = Main.storyboard;
			sourceTree = "<group>";
		};
		847FF96A223C55F00040575B /* LaunchScreen.storyboard */ = {
			isa = PBXVariantGroup;
			children = (
				847FF96B223C55F00040575B /* Base */,
			);
			name = LaunchScreen.storyboard;
			sourceTree = "<group>";
		};
/* End PBXVariantGroup section */

/* Begin XCBuildConfiguration section */
		847FF984223C55F00040575B /* Debug */ = {
			isa = XCBuildConfiguration;
			buildSettings = {
				ALWAYS_SEARCH_USER_PATHS = NO;
				CLANG_ANALYZER_NONNULL = YES;
				CLANG_ANALYZER_NUMBER_OBJECT_CONVERSION = YES_AGGRESSIVE;
				CLANG_CXX_LANGUAGE_STANDARD = "gnu++14";
				CLANG_CXX_LIBRARY = "libc++";
				CLANG_ENABLE_MODULES = YES;
				CLANG_ENABLE_OBJC_ARC = YES;
				CLANG_ENABLE_OBJC_WEAK = YES;
				CLANG_WARN_BLOCK_CAPTURE_AUTORELEASING = YES;
				CLANG_WARN_BOOL_CONVERSION = YES;
				CLANG_WARN_COMMA = YES;
				CLANG_WARN_CONSTANT_CONVERSION = YES;
				CLANG_WARN_DEPRECATED_OBJC_IMPLEMENTATIONS = YES;
				CLANG_WARN_DIRECT_OBJC_ISA_USAGE = YES_ERROR;
				CLANG_WARN_DOCUMENTATION_COMMENTS = YES;
				CLANG_WARN_EMPTY_BODY = YES;
				CLANG_WARN_ENUM_CONVERSION = YES;
				CLANG_WARN_INFINITE_RECURSION = YES;
				CLANG_WARN_INT_CONVERSION = YES;
				CLANG_WARN_NON_LITERAL_NULL_CONVERSION = YES;
				CLANG_WARN_OBJC_IMPLICIT_RETAIN_SELF = YES;
				CLANG_WARN_OBJC_LITERAL_CONVERSION = YES;
				CLANG_WARN_OBJC_ROOT_CLASS = YES_ERROR;
				CLANG_WARN_RANGE_LOOP_ANALYSIS = YES;
				CLANG_WARN_STRICT_PROTOTYPES = YES;
				CLANG_WARN_SUSPICIOUS_MOVE = YES;
				CLANG_WARN_UNGUARDED_AVAILABILITY = YES_AGGRESSIVE;
				CLANG_WARN_UNREACHABLE_CODE = YES;
				CLANG_WARN__DUPLICATE_METHOD_MATCH = YES;
				CODE_SIGN_IDENTITY = "iPhone Developer";
				COPY_PHASE_STRIP = NO;
				DEBUG_INFORMATION_FORMAT = dwarf;
				ENABLE_STRICT_OBJC_MSGSEND = YES;
				ENABLE_TESTABILITY = YES;
				GCC_C_LANGUAGE_STANDARD = gnu11;
				GCC_DYNAMIC_NO_PIC = NO;
				GCC_NO_COMMON_BLOCKS = YES;
				GCC_OPTIMIZATION_LEVEL = 0;
				GCC_PREPROCESSOR_DEFINITIONS = (
					"DEBUG=1",
					"$(inherited)",
				);
				GCC_WARN_64_TO_32_BIT_CONVERSION = YES;
				GCC_WARN_ABOUT_RETURN_TYPE = YES_ERROR;
				GCC_WARN_UNDECLARED_SELECTOR = YES;
				GCC_WARN_UNINITIALIZED_AUTOS = YES_AGGRESSIVE;
				GCC_WARN_UNUSED_FUNCTION = YES;
				GCC_WARN_UNUSED_VARIABLE = YES;
				IPHONEOS_DEPLOYMENT_TARGET = 12.1;
				MTL_ENABLE_DEBUG_INFO = INCLUDE_SOURCE;
				MTL_FAST_MATH = YES;
				ONLY_ACTIVE_ARCH = YES;
				SDKROOT = iphoneos;
				SWIFT_ACTIVE_COMPILATION_CONDITIONS = DEBUG;
				SWIFT_OPTIMIZATION_LEVEL = "-Onone";
			};
			name = Debug;
		};
		847FF985223C55F00040575B /* Release */ = {
			isa = XCBuildConfiguration;
			buildSettings = {
				ALWAYS_SEARCH_USER_PATHS = NO;
				CLANG_ANALYZER_NONNULL = YES;
				CLANG_ANALYZER_NUMBER_OBJECT_CONVERSION = YES_AGGRESSIVE;
				CLANG_CXX_LANGUAGE_STANDARD = "gnu++14";
				CLANG_CXX_LIBRARY = "libc++";
				CLANG_ENABLE_MODULES = YES;
				CLANG_ENABLE_OBJC_ARC = YES;
				CLANG_ENABLE_OBJC_WEAK = YES;
				CLANG_WARN_BLOCK_CAPTURE_AUTORELEASING = YES;
				CLANG_WARN_BOOL_CONVERSION = YES;
				CLANG_WARN_COMMA = YES;
				CLANG_WARN_CONSTANT_CONVERSION = YES;
				CLANG_WARN_DEPRECATED_OBJC_IMPLEMENTATIONS = YES;
				CLANG_WARN_DIRECT_OBJC_ISA_USAGE = YES_ERROR;
				CLANG_WARN_DOCUMENTATION_COMMENTS = YES;
				CLANG_WARN_EMPTY_BODY = YES;
				CLANG_WARN_ENUM_CONVERSION = YES;
				CLANG_WARN_INFINITE_RECURSION = YES;
				CLANG_WARN_INT_CONVERSION = YES;
				CLANG_WARN_NON_LITERAL_NULL_CONVERSION = YES;
				CLANG_WARN_OBJC_IMPLICIT_RETAIN_SELF = YES;
				CLANG_WARN_OBJC_LITERAL_CONVERSION = YES;
				CLANG_WARN_OBJC_ROOT_CLASS = YES_ERROR;
				CLANG_WARN_RANGE_LOOP_ANALYSIS = YES;
				CLANG_WARN_STRICT_PROTOTYPES = YES;
				CLANG_WARN_SUSPICIOUS_MOVE = YES;
				CLANG_WARN_UNGUARDED_AVAILABILITY = YES_AGGRESSIVE;
				CLANG_WARN_UNREACHABLE_CODE = YES;
				CLANG_WARN__DUPLICATE_METHOD_MATCH = YES;
				CODE_SIGN_IDENTITY = "iPhone Developer";
				COPY_PHASE_STRIP = NO;
				DEBUG_INFORMATION_FORMAT = "dwarf-with-dsym";
				ENABLE_NS_ASSERTIONS = NO;
				ENABLE_STRICT_OBJC_MSGSEND = YES;
				GCC_C_LANGUAGE_STANDARD = gnu11;
				GCC_NO_COMMON_BLOCKS = YES;
				GCC_WARN_64_TO_32_BIT_CONVERSION = YES;
				GCC_WARN_ABOUT_RETURN_TYPE = YES_ERROR;
				GCC_WARN_UNDECLARED_SELECTOR = YES;
				GCC_WARN_UNINITIALIZED_AUTOS = YES_AGGRESSIVE;
				GCC_WARN_UNUSED_FUNCTION = YES;
				GCC_WARN_UNUSED_VARIABLE = YES;
				IPHONEOS_DEPLOYMENT_TARGET = 12.1;
				MTL_ENABLE_DEBUG_INFO = NO;
				MTL_FAST_MATH = YES;
				SDKROOT = iphoneos;
				SWIFT_COMPILATION_MODE = wholemodule;
				SWIFT_OPTIMIZATION_LEVEL = "-O";
				VALIDATE_PRODUCT = YES;
			};
			name = Release;
		};
		847FF987223C55F10040575B /* Debug */ = {
			isa = XCBuildConfiguration;
			baseConfigurationReference = 13106921ED4704C98351F14A /* Pods-MS Cars.debug.xcconfig */;
			buildSettings = {
				ASSETCATALOG_COMPILER_APPICON_NAME = AppIcon;
				CODE_SIGN_STYLE = Automatic;
				INFOPLIST_FILE = "MS Cars/Info.plist";
				LD_RUNPATH_SEARCH_PATHS = (
					"$(inherited)",
					"@executable_path/Frameworks",
				);
				PRODUCT_BUNDLE_IDENTIFIER = "com.mshaker.MS-Cars";
				PRODUCT_NAME = "$(TARGET_NAME)";
				SWIFT_VERSION = 4.2;
				TARGETED_DEVICE_FAMILY = "1,2";
			};
			name = Debug;
		};
		847FF988223C55F10040575B /* Release */ = {
			isa = XCBuildConfiguration;
			baseConfigurationReference = 8823DF32CD60CEF5996BE6C7 /* Pods-MS Cars.release.xcconfig */;
			buildSettings = {
				ASSETCATALOG_COMPILER_APPICON_NAME = AppIcon;
				CODE_SIGN_STYLE = Automatic;
				INFOPLIST_FILE = "MS Cars/Info.plist";
				LD_RUNPATH_SEARCH_PATHS = (
					"$(inherited)",
					"@executable_path/Frameworks",
				);
				PRODUCT_BUNDLE_IDENTIFIER = "com.mshaker.MS-Cars";
				PRODUCT_NAME = "$(TARGET_NAME)";
				SWIFT_VERSION = 4.2;
				TARGETED_DEVICE_FAMILY = "1,2";
			};
			name = Release;
		};
		847FF98A223C55F10040575B /* Debug */ = {
			isa = XCBuildConfiguration;
			baseConfigurationReference = AB3C09A0AF627FAA8E055F06 /* Pods-MS CarsTests.debug.xcconfig */;
			buildSettings = {
				ALWAYS_EMBED_SWIFT_STANDARD_LIBRARIES = YES;
				BUNDLE_LOADER = "$(TEST_HOST)";
				CODE_SIGN_STYLE = Automatic;
				INFOPLIST_FILE = "MS CarsTests/Info.plist";
				LD_RUNPATH_SEARCH_PATHS = (
					"$(inherited)",
					"@executable_path/Frameworks",
					"@loader_path/Frameworks",
				);
				PRODUCT_BUNDLE_IDENTIFIER = "com.mshaker.MS-CarsTests";
				PRODUCT_NAME = "$(TARGET_NAME)";
				SWIFT_VERSION = 4.2;
				TARGETED_DEVICE_FAMILY = "1,2";
				TEST_HOST = "$(BUILT_PRODUCTS_DIR)/MS Cars.app/MS Cars";
			};
			name = Debug;
		};
		847FF98B223C55F10040575B /* Release */ = {
			isa = XCBuildConfiguration;
			baseConfigurationReference = 94A4C5D5C3C4A9C2AF2AFC4B /* Pods-MS CarsTests.release.xcconfig */;
			buildSettings = {
				ALWAYS_EMBED_SWIFT_STANDARD_LIBRARIES = YES;
				BUNDLE_LOADER = "$(TEST_HOST)";
				CODE_SIGN_STYLE = Automatic;
				INFOPLIST_FILE = "MS CarsTests/Info.plist";
				LD_RUNPATH_SEARCH_PATHS = (
					"$(inherited)",
					"@executable_path/Frameworks",
					"@loader_path/Frameworks",
				);
				PRODUCT_BUNDLE_IDENTIFIER = "com.mshaker.MS-CarsTests";
				PRODUCT_NAME = "$(TARGET_NAME)";
				SWIFT_VERSION = 4.2;
				TARGETED_DEVICE_FAMILY = "1,2";
				TEST_HOST = "$(BUILT_PRODUCTS_DIR)/MS Cars.app/MS Cars";
			};
			name = Release;
		};
		847FF98D223C55F10040575B /* Debug */ = {
			isa = XCBuildConfiguration;
			baseConfigurationReference = D1B51502BE8BD2C677A09605 /* Pods-MS CarsUITests.debug.xcconfig */;
			buildSettings = {
				ALWAYS_EMBED_SWIFT_STANDARD_LIBRARIES = YES;
				CODE_SIGN_STYLE = Automatic;
				INFOPLIST_FILE = "MS CarsUITests/Info.plist";
				LD_RUNPATH_SEARCH_PATHS = (
					"$(inherited)",
					"@executable_path/Frameworks",
					"@loader_path/Frameworks",
				);
				PRODUCT_BUNDLE_IDENTIFIER = "com.mshaker.MS-CarsUITests";
				PRODUCT_NAME = "$(TARGET_NAME)";
				SWIFT_VERSION = 4.2;
				TARGETED_DEVICE_FAMILY = "1,2";
				TEST_TARGET_NAME = "MS Cars";
			};
			name = Debug;
		};
		847FF98E223C55F10040575B /* Release */ = {
			isa = XCBuildConfiguration;
			baseConfigurationReference = E240A7F43A8BFE55CA886DC7 /* Pods-MS CarsUITests.release.xcconfig */;
			buildSettings = {
				ALWAYS_EMBED_SWIFT_STANDARD_LIBRARIES = YES;
				CODE_SIGN_STYLE = Automatic;
				INFOPLIST_FILE = "MS CarsUITests/Info.plist";
				LD_RUNPATH_SEARCH_PATHS = (
					"$(inherited)",
					"@executable_path/Frameworks",
					"@loader_path/Frameworks",
				);
				PRODUCT_BUNDLE_IDENTIFIER = "com.mshaker.MS-CarsUITests";
				PRODUCT_NAME = "$(TARGET_NAME)";
				SWIFT_VERSION = 4.2;
				TARGETED_DEVICE_FAMILY = "1,2";
				TEST_TARGET_NAME = "MS Cars";
			};
			name = Release;
		};
/* End XCBuildConfiguration section */

/* Begin XCConfigurationList section */
		847FF959223C55ED0040575B /* Build configuration list for PBXProject "MS Cars" */ = {
			isa = XCConfigurationList;
			buildConfigurations = (
				847FF984223C55F00040575B /* Debug */,
				847FF985223C55F00040575B /* Release */,
			);
			defaultConfigurationIsVisible = 0;
			defaultConfigurationName = Release;
		};
		847FF986223C55F10040575B /* Build configuration list for PBXNativeTarget "MS Cars" */ = {
			isa = XCConfigurationList;
			buildConfigurations = (
				847FF987223C55F10040575B /* Debug */,
				847FF988223C55F10040575B /* Release */,
			);
			defaultConfigurationIsVisible = 0;
			defaultConfigurationName = Release;
		};
		847FF989223C55F10040575B /* Build configuration list for PBXNativeTarget "MS CarsTests" */ = {
			isa = XCConfigurationList;
			buildConfigurations = (
				847FF98A223C55F10040575B /* Debug */,
				847FF98B223C55F10040575B /* Release */,
			);
			defaultConfigurationIsVisible = 0;
			defaultConfigurationName = Release;
		};
		847FF98C223C55F10040575B /* Build configuration list for PBXNativeTarget "MS CarsUITests" */ = {
			isa = XCConfigurationList;
			buildConfigurations = (
				847FF98D223C55F10040575B /* Debug */,
				847FF98E223C55F10040575B /* Release */,
			);
			defaultConfigurationIsVisible = 0;
			defaultConfigurationName = Release;
		};
/* End XCConfigurationList section */
	};
	rootObject = 847FF956223C55ED0040575B /* Project object */;
}
